
Microsoft Visual Studio Solution File, Format Version 12.00
# Visual Studio Version 16
VisualStudioVersion = 16.0.30907.101
MinimumVisualStudioVersion = 10.0.40219.1
Project("{FAE04EC0-301F-11D3-BF4B-00C04F79EFBC}") = "phanmemcaphe", "phanmemcaphe\phanmemcaphe.csproj", "{4294F5CB-1AE4-43A7-A057-3F6185454848}"
EndProject
Global
	GlobalSection(SolutionConfigurationPlatforms) = preSolution
		Debug|Any CPU = Debug|Any CPU
		Release|Any CPU = Release|Any CPU
	EndGlobalSection
	GlobalSection(ProjectConfigurationPlatforms) = postSolution
		{4294F5CB-1AE4-43A7-A057-3F6185454848}.Debug|Any CPU.ActiveCfg = Debug|Any CPU
		{4294F5CB-1AE4-43A7-A057-3F6185454848}.Debug|Any CPU.Build.0 = Debug|Any CPU
		{4294F5CB-1AE4-43A7-A057-3F6185454848}.Release|Any CPU.ActiveCfg = Release|Any CPU
		{4294F5CB-1AE4-43A7-A057-3F6185454848}.Release|Any CPU.Build.0 = Release|Any CPU
	EndGlobalSection
	GlobalSection(SolutionProperties) = preSolution
		HideSolutionNode = FALSE
	EndGlobalSection
	GlobalSection(ExtensibilityGlobals) = postSolution
		SolutionGuid = {7CECFA53-4F19-4E82-93DE-C848775F1536}
	EndGlobalSection
EndGlobal
